
Microsoft Visual Studio Solution File, Format Version 12.00
# Visual Studio Version 17
VisualStudioVersion = 17.13.35931.197
MinimumVisualStudioVersion = 10.0.40219.1
Project("{FAE04EC0-301F-11D3-BF4B-00C04F79EFBC}") = "MatthL.PhysicalUnits.Core", "MatthL.PhysicalUnits.Core\MatthL.PhysicalUnits.Core.csproj", "{1027F508-5169-D93B-D70D-B1F230982B45}"
EndProject
Project("{FAE04EC0-301F-11D3-BF4B-00C04F79EFBC}") = "MatthL.PhysicalUnits.Demo", "MatthL.PhysicalUnits.Demo\MatthL.PhysicalUnits.Demo.csproj", "{0FAC1F52-E0CE-8EF0-4678-05E5F46FC084}"
EndProject
Project("{FAE04EC0-301F-11D3-BF4B-00C04F79EFBC}") = "MatthL.PhysicalUnits.UI", "MatthL.PhysicalUnits.UI\MatthL.PhysicalUnits.UI.csproj", "{7C1D9B95-AD6D-4A93-961D-FE612B72EF10}"
EndProject
Project("{FAE04EC0-301F-11D3-BF4B-00C04F79EFBC}") = "MatthL.PhysicalUnits.Storage", "MatthL.PhysicalUnits.Storage\MatthL.PhysicalUnits.Storage.csproj", "{4704C436-1CD2-4AA1-8853-7F43FA365DD7}"
EndProject
Global
	GlobalSection(SolutionConfigurationPlatforms) = preSolution
		Debug|Any CPU = Debug|Any CPU
		Release|Any CPU = Release|Any CPU
	EndGlobalSection
	GlobalSection(ProjectConfigurationPlatforms) = postSolution
		{1027F508-5169-D93B-D70D-B1F230982B45}.Debug|Any CPU.ActiveCfg = Debug|Any CPU
		{1027F508-5169-D93B-D70D-B1F230982B45}.Debug|Any CPU.Build.0 = Debug|Any CPU
		{1027F508-5169-D93B-D70D-B1F230982B45}.Release|Any CPU.ActiveCfg = Release|Any CPU
		{1027F508-5169-D93B-D70D-B1F230982B45}.Release|Any CPU.Build.0 = Release|Any CPU
		{0FAC1F52-E0CE-8EF0-4678-05E5F46FC084}.Debug|Any CPU.ActiveCfg = Debug|Any CPU
		{0FAC1F52-E0CE-8EF0-4678-05E5F46FC084}.Debug|Any CPU.Build.0 = Debug|Any CPU
		{0FAC1F52-E0CE-8EF0-4678-05E5F46FC084}.Release|Any CPU.ActiveCfg = Release|Any CPU
		{0FAC1F52-E0CE-8EF0-4678-05E5F46FC084}.Release|Any CPU.Build.0 = Release|Any CPU
		{7C1D9B95-AD6D-4A93-961D-FE612B72EF10}.Debug|Any CPU.ActiveCfg = Debug|Any CPU
		{7C1D9B95-AD6D-4A93-961D-FE612B72EF10}.Debug|Any CPU.Build.0 = Debug|Any CPU
		{7C1D9B95-AD6D-4A93-961D-FE612B72EF10}.Release|Any CPU.ActiveCfg = Release|Any CPU
		{7C1D9B95-AD6D-4A93-961D-FE612B72EF10}.Release|Any CPU.Build.0 = Release|Any CPU
		{4704C436-1CD2-4AA1-8853-7F43FA365DD7}.Debug|Any CPU.ActiveCfg = Debug|Any CPU
		{4704C436-1CD2-4AA1-8853-7F43FA365DD7}.Debug|Any CPU.Build.0 = Debug|Any CPU
		{4704C436-1CD2-4AA1-8853-7F43FA365DD7}.Release|Any CPU.ActiveCfg = Release|Any CPU
		{4704C436-1CD2-4AA1-8853-7F43FA365DD7}.Release|Any CPU.Build.0 = Release|Any CPU
	EndGlobalSection
	GlobalSection(SolutionProperties) = preSolution
		HideSolutionNode = FALSE
	EndGlobalSection
	GlobalSection(ExtensibilityGlobals) = postSolution
		SolutionGuid = {123ED5BA-3428-492A-A793-08BD3080CD3E}
	EndGlobalSection
EndGlobal
